{
  "name": "check",
  "version": "1.0.0",
  "lockfileVersion": 2,
  "requires": true,
  "packages": {
    "": {
      "version": "1.0.0",
      "license": "ISC",
      "dependencies": {
        "more": "file:../common/more"
      }
    },
    "../common/more": {
      "version": "1.0.0",
      "license": "ISC"
    },
    "node_modules/more": {
      "resolved": "../common/more",
      "link": true
    }
  },
  "dependencies": {
    "more": {
      "version": "file:../common/more"
    }
  }
}
